
Microsoft Visual Studio Solution File, Format Version 12.00
# Visual Studio Version 16
VisualStudioVersion = 16.0.32802.440
MinimumVisualStudioVersion = 10.0.40219.1
Project("{FAE04EC0-301F-11D3-BF4B-00C04F79EFBC}") = "SternKohlerBengaluru", "SternKohlerBengaluru.csproj", "{19A59A1B-BE26-4E6E-93D1-65277A04BC2F}"
EndProject
Global
	GlobalSection(SolutionConfigurationPlatforms) = preSolution
		Debug|Any CPU = Debug|Any CPU
		Release|Any CPU = Release|Any CPU
	EndGlobalSection
	GlobalSection(ProjectConfigurationPlatforms) = postSolution
		{19A59A1B-BE26-4E6E-93D1-65277A04BC2F}.Debug|Any CPU.ActiveCfg = Debug|Any CPU
		{19A59A1B-BE26-4E6E-93D1-65277A04BC2F}.Debug|Any CPU.Build.0 = Debug|Any CPU
		{19A59A1B-BE26-4E6E-93D1-65277A04BC2F}.Release|Any CPU.ActiveCfg = Release|Any CPU
		{19A59A1B-BE26-4E6E-93D1-65277A04BC2F}.Release|Any CPU.Build.0 = Release|Any CPU
	EndGlobalSection
	GlobalSection(SolutionProperties) = preSolution
		HideSolutionNode = FALSE
	EndGlobalSection
	GlobalSection(ExtensibilityGlobals) = postSolution
		SolutionGuid = {AFB40A28-393E-4968-AAFF-87A9693D09DB}
	EndGlobalSection
EndGlobal
